
Microsoft Visual Studio Solution File, Format Version 12.00
# Visual Studio Version 17
VisualStudioVersion = 17.14.36127.28 d17.14
MinimumVisualStudioVersion = 10.0.40219.1
Project("{FAE04EC0-301F-11D3-BF4B-00C04F79EFBC}") = "SoftwareManagerApp", "SoftwareManagerApp.csproj", "{AEDF08F7-2939-4089-A825-9D9AE34B65F5}"
EndProject
Global
	GlobalSection(SolutionConfigurationPlatforms) = preSolution
		Debug|Any CPU = Debug|Any CPU
		Release|Any CPU = Release|Any CPU
	EndGlobalSection
	GlobalSection(ProjectConfigurationPlatforms) = postSolution
		{AEDF08F7-2939-4089-A825-9D9AE34B65F5}.Debug|Any CPU.ActiveCfg = Debug|Any CPU
		{AEDF08F7-2939-4089-A825-9D9AE34B65F5}.Debug|Any CPU.Build.0 = Debug|Any CPU
		{AEDF08F7-2939-4089-A825-9D9AE34B65F5}.Release|Any CPU.ActiveCfg = Release|Any CPU
		{AEDF08F7-2939-4089-A825-9D9AE34B65F5}.Release|Any CPU.Build.0 = Release|Any CPU
	EndGlobalSection
	GlobalSection(SolutionProperties) = preSolution
		HideSolutionNode = FALSE
	EndGlobalSection
	GlobalSection(ExtensibilityGlobals) = postSolution
		SolutionGuid = {06D783CC-D4D6-46D5-B35D-9D93E4133113}
	EndGlobalSection
EndGlobal
